// !$*UTF8*$!
{
	archiveVersion = 1;
	classes = {
	};
	objectVersion = 77;
	objects = {

/* Begin PBXContainerItemProxy section */
		BF40F4372CD7829F00E81000 /* PBXContainerItemProxy */ = {
			isa = PBXContainerItemProxy;
			containerPortal = BF40F4152CD7829D00E81000 /* Project object */;
			proxyType = 1;
			remoteGlobalIDString = BF40F41C2CD7829D00E81000;
			remoteInfo = ReminderWidget;
		};
		BF40F4412CD7829F00E81000 /* PBXContainerItemProxy */ = {
			isa = PBXContainerItemProxy;
			containerPortal = BF40F4152CD7829D00E81000 /* Project object */;
			proxyType = 1;
			remoteGlobalIDString = BF40F41C2CD7829D00E81000;
			remoteInfo = ReminderWidget;
		};
/* End PBXContainerItemProxy section */

/* Begin PBXFileReference section */
		BF40F41D2CD7829D00E81000 /* ReminderWidget.app */ = {isa = PBXFileReference; explicitFileType = wrapper.application; includeInIndex = 0; path = ReminderWidget.app; sourceTree = BUILT_PRODUCTS_DIR; };
		BF40F4362CD7829F00E81000 /* ReminderWidgetTests.xctest */ = {isa = PBXFileReference; explicitFileType = wrapper.cfbundle; includeInIndex = 0; path = ReminderWidgetTests.xctest; sourceTree = BUILT_PRODUCTS_DIR; };
		BF40F4402CD7829F00E81000 /* ReminderWidgetUITests.xctest */ = {isa = PBXFileReference; explicitFileType = wrapper.cfbundle; includeInIndex = 0; path = ReminderWidgetUITests.xctest; sourceTree = BUILT_PRODUCTS_DIR; };
/* End PBXFileReference section */

/* Begin PBXFileSystemSynchronizedBuildFileExceptionSet section */
		BF40F4482CD7829F00E81000 /* Exceptions for "ReminderWidget" folder in "ReminderWidget" target */ = {
			isa = PBXFileSystemSynchronizedBuildFileExceptionSet;
			membershipExceptions = (
				Info.plist,
			);
			target = BF40F41C2CD7829D00E81000 /* ReminderWidget */;
		};
/* End PBXFileSystemSynchronizedBuildFileExceptionSet section */

/* Begin PBXFileSystemSynchronizedRootGroup section */
		BF40F41F2CD7829D00E81000 /* ReminderWidget */ = {
			isa = PBXFileSystemSynchronizedRootGroup;
			exceptions = (
				BF40F4482CD7829F00E81000 /* Exceptions for "ReminderWidget" folder in "ReminderWidget" target */,
			);
			path = ReminderWidget;
			sourceTree = "<group>";
		};
		BF40F4392CD7829F00E81000 /* ReminderWidgetTests */ = {
			isa = PBXFileSystemSynchronizedRootGroup;
			path = ReminderWidgetTests;
			sourceTree = "<group>";
		};
		BF40F4432CD7829F00E81000 /* ReminderWidgetUITests */ = {
			isa = PBXFileSystemSynchronizedRootGroup;
			path = ReminderWidgetUITests;
			sourceTree = "<group>";
		};
/* End PBXFileSystemSynchronizedRootGroup section */

/* Begin PBXFrameworksBuildPhase section */
		BF40F41A2CD7829D00E81000 /* Frameworks */ = {
			isa = PBXFrameworksBuildPhase;
			buildActionMask = 2147483647;
			files = (
			);
			runOnlyForDeploymentPostprocessing = 0;
		};
		BF40F4332CD7829F00E81000 /* Frameworks */ = {
			isa = PBXFrameworksBuildPhase;
			buildActionMask = 2147483647;
			files = (
			);
			runOnlyForDeploymentPostprocessing = 0;
		};
		BF40F43D2CD7829F00E81000 /* Frameworks */ = {
			isa = PBXFrameworksBuildPhase;
			buildActionMask = 2147483647;
			files = (
			);
			runOnlyForDeploymentPostprocessing = 0;
		};
/* End PBXFrameworksBuildPhase section */

/* Begin PBXGroup section */
		BF40F4142CD7829D00E81000 = {
			isa = PBXGroup;
			children = (
				BF40F41F2CD7829D00E81000 /* ReminderWidget */,
				BF40F4392CD7829F00E81000 /* ReminderWidgetTests */,
				BF40F4432CD7829F00E81000 /* ReminderWidgetUITests */,
				BF40F41E2CD7829D00E81000 /* Products */,
			);
			sourceTree = "<group>";
		};
		BF40F41E2CD7829D00E81000 /* Products */ = {
			isa = PBXGroup;
			children = (
				BF40F41D2CD7829D00E81000 /* ReminderWidget.app */,
				BF40F4362CD7829F00E81000 /* ReminderWidgetTests.xctest */,
				BF40F4402CD7829F00E81000 /* ReminderWidgetUITests.xctest */,
			);
			name = Products;
			sourceTree = "<group>";
		};
/* End PBXGroup section */

/* Begin PBXNativeTarget section */
		BF40F41C2CD7829D00E81000 /* ReminderWidget */ = {
			isa = PBXNativeTarget;
			buildConfigurationList = BF40F4492CD7829F00E81000 /* Build configuration list for PBXNativeTarget "ReminderWidget" */;
			buildPhases = (
				BF40F4192CD7829D00E81000 /* Sources */,
				BF40F41A2CD7829D00E81000 /* Frameworks */,
				BF40F41B2CD7829D00E81000 /* Resources */,
			);
			buildRules = (
			);
			dependencies = (
			);
			fileSystemSynchronizedGroups = (
				BF40F41F2CD7829D00E81000 /* ReminderWidget */,
			);
			name = ReminderWidget;
			packageProductDependencies = (
			);
			productName = ReminderWidget;
			productReference = BF40F41D2CD7829D00E81000 /* ReminderWidget.app */;
			productType = "com.apple.product-type.application";
		};
		BF40F4352CD7829F00E81000 /* ReminderWidgetTests */ = {
			isa = PBXNativeTarget;
			buildConfigurationList = BF40F44E2CD7829F00E81000 /* Build configuration list for PBXNativeTarget "ReminderWidgetTests" */;
			buildPhases = (
				BF40F4322CD7829F00E81000 /* Sources */,
				BF40F4332CD7829F00E81000 /* Frameworks */,
				BF40F4342CD7829F00E81000 /* Resources */,
			);
			buildRules = (
			);
			dependencies = (
				BF40F4382CD7829F00E81000 /* PBXTargetDependency */,
			);
			fileSystemSynchronizedGroups = (
				BF40F4392CD7829F00E81000 /* ReminderWidgetTests */,
			);
			name = ReminderWidgetTests;
			packageProductDependencies = (
			);
			productName = ReminderWidgetTests;
			productReference = BF40F4362CD7829F00E81000 /* ReminderWidgetTests.xctest */;
			productType = "com.apple.product-type.bundle.unit-test";
		};
		BF40F43F2CD7829F00E81000 /* ReminderWidgetUITests */ = {
			isa = PBXNativeTarget;
			buildConfigurationList = BF40F4512CD7829F00E81000 /* Build configuration list for PBXNativeTarget "ReminderWidgetUITests" */;
			buildPhases = (
				BF40F43C2CD7829F00E81000 /* Sources */,
				BF40F43D2CD7829F00E81000 /* Frameworks */,
				BF40F43E2CD7829F00E81000 /* Resources */,
			);
			buildRules = (
			);
			dependencies = (
				BF40F4422CD7829F00E81000 /* PBXTargetDependency */,
			);
			fileSystemSynchronizedGroups = (
				BF40F4432CD7829F00E81000 /* ReminderWidgetUITests */,
			);
			name = ReminderWidgetUITests;
			packageProductDependencies = (
			);
			productName = ReminderWidgetUITests;
			productReference = BF40F4402CD7829F00E81000 /* ReminderWidgetUITests.xctest */;
			productType = "com.apple.product-type.bundle.ui-testing";
		};
/* End PBXNativeTarget section */

/* Begin PBXProject section */
		BF40F4152CD7829D00E81000 /* Project object */ = {
			isa = PBXProject;
			attributes = {
				BuildIndependentTargetsInParallel = 1;
				LastSwiftUpdateCheck = 1600;
				LastUpgradeCheck = 1600;
				TargetAttributes = {
					BF40F41C2CD7829D00E81000 = {
						CreatedOnToolsVersion = 16.0;
					};
					BF40F4352CD7829F00E81000 = {
						CreatedOnToolsVersion = 16.0;
						TestTargetID = BF40F41C2CD7829D00E81000;
					};
					BF40F43F2CD7829F00E81000 = {
						CreatedOnToolsVersion = 16.0;
						TestTargetID = BF40F41C2CD7829D00E81000;
					};
				};
			};
			buildConfigurationList = BF40F4182CD7829D00E81000 /* Build configuration list for PBXProject "ReminderWidget" */;
			developmentRegion = en;
			hasScannedForEncodings = 0;
			knownRegions = (
				en,
				Base,
			);
			mainGroup = BF40F4142CD7829D00E81000;
			minimizedProjectReferenceProxies = 1;
			preferredProjectObjectVersion = 77;
			productRefGroup = BF40F41E2CD7829D00E81000 /* Products */;
			projectDirPath = "";
			projectRoot = "";
			targets = (
				BF40F41C2CD7829D00E81000 /* ReminderWidget */,
				BF40F4352CD7829F00E81000 /* ReminderWidgetTests */,
				BF40F43F2CD7829F00E81000 /* ReminderWidgetUITests */,
			);
		};
/* End PBXProject section */

/* Begin PBXResourcesBuildPhase section */
		BF40F41B2CD7829D00E81000 /* Resources */ = {
			isa = PBXResourcesBuildPhase;
			buildActionMask = 2147483647;
			files = (
			);
			runOnlyForDeploymentPostprocessing = 0;
		};
		BF40F4342CD7829F00E81000 /* Resources */ = {
			isa = PBXResourcesBuildPhase;
			buildActionMask = 2147483647;
			files = (
			);
			runOnlyForDeploymentPostprocessing = 0;
		};
		BF40F43E2CD7829F00E81000 /* Resources */ = {
			isa = PBXResourcesBuildPhase;
			buildActionMask = 2147483647;
			files = (
			);
			runOnlyForDeploymentPostprocessing = 0;
		};
/* End PBXResourcesBuildPhase section */

/* Begin PBXSourcesBuildPhase section */
		BF40F4192CD7829D00E81000 /* Sources */ = {
			isa = PBXSourcesBuildPhase;
			buildActionMask = 2147483647;
			files = (
			);
			runOnlyForDeploymentPostprocessing = 0;
		};
		BF40F4322CD7829F00E81000 /* Sources */ = {
			isa = PBXSourcesBuildPhase;
			buildActionMask = 2147483647;
			files = (
			);
			runOnlyForDeploymentPostprocessing = 0;
		};
		BF40F43C2CD7829F00E81000 /* Sources */ = {
			isa = PBXSourcesBuildPhase;
			buildActionMask = 2147483647;
			files = (
			);
			runOnlyForDeploymentPostprocessing = 0;
		};
/* End PBXSourcesBuildPhase section */

/* Begin PBXTargetDependency section */
		BF40F4382CD7829F00E81000 /* PBXTargetDependency */ = {
			isa = PBXTargetDependency;
			target = BF40F41C2CD7829D00E81000 /* ReminderWidget */;
			targetProxy = BF40F4372CD7829F00E81000 /* PBXContainerItemProxy */;
		};
		BF40F4422CD7829F00E81000 /* PBXTargetDependency */ = {
			isa = PBXTargetDependency;
			target = BF40F41C2CD7829D00E81000 /* ReminderWidget */;
			targetProxy = BF40F4412CD7829F00E81000 /* PBXContainerItemProxy */;
		};
/* End PBXTargetDependency section */

/* Begin XCBuildConfiguration section */
		BF40F44A2CD7829F00E81000 /* Debug */ = {
			isa = XCBuildConfiguration;
			buildSettings = {
				ASSETCATALOG_COMPILER_APPICON_NAME = AppIcon;
				ASSETCATALOG_COMPILER_GLOBAL_ACCENT_COLOR_NAME = AccentColor;
				CODE_SIGN_STYLE = Automatic;
				CURRENT_PROJECT_VERSION = 1;
				DEVELOPMENT_TEAM = 2PJ54JWDJZ;
				GENERATE_INFOPLIST_FILE = YES;
				INFOPLIST_FILE = ReminderWidget/Info.plist;
				INFOPLIST_KEY_UIApplicationSupportsIndirectInputEvents = YES;
				INFOPLIST_KEY_UILaunchStoryboardName = LaunchScreen;
				INFOPLIST_KEY_UISupportedInterfaceOrientations_iPad = "UIInterfaceOrientationPortrait UIInterfaceOrientationPortraitUpsideDown UIInterfaceOrientationLandscapeLeft UIInterfaceOrientationLandscapeRight";
				INFOPLIST_KEY_UISupportedInterfaceOrientations_iPhone = "UIInterfaceOrientationPortrait UIInterfaceOrientationLandscapeLeft UIInterfaceOrientationLandscapeRight";
				LD_RUNPATH_SEARCH_PATHS = (
					"$(inherited)",
					"@executable_path/Frameworks",
				);
				MARKETING_VERSION = 1.0;
				PRODUCT_BUNDLE_IDENTIFIER = g.exst.aom.j.ReminderWidget;
				PRODUCT_NAME = "$(TARGET_NAME)";
				SWIFT_EMIT_LOC_STRINGS = YES;
				SWIFT_VERSION = 5.0;
				TARGETED_DEVICE_FAMILY = "1,2";
			};
			name = Debug;
		};
		BF40F44B2CD7829F00E81000 /* Release */ = {
			isa = XCBuildConfiguration;
			buildSettings = {
				ASSETCATALOG_COMPILER_APPICON_NAME = AppIcon;
				ASSETCATALOG_COMPILER_GLOBAL_ACCENT_COLOR_NAME = AccentColor;
				CODE_SIGN_STYLE = Automatic;
				CURRENT_PROJECT_VERSION = 1;
				DEVELOPMENT_TEAM = 2PJ54JWDJZ;
				GENERATE_INFOPLIST_FILE = YES;
				INFOPLIST_FILE = ReminderWidget/Info.plist;
				INFOPLIST_KEY_UIApplicationSupportsIndirectInputEvents = YES;
				INFOPLIST_KEY_UILaunchStoryboardName = LaunchScreen;
				INFOPLIST_KEY_UISupportedInterfaceOrientations_iPad = "UIInterfaceOrientationPortrait UIInterfaceOrientationPortraitUpsideDown UIInterfaceOrientationLandscapeLeft UIInterfaceOrientationLandscapeRight";
				INFOPLIST_KEY_UISupportedInterfaceOrientations_iPhone = "UIInterfaceOrientationPortrait UIInterfaceOrientationLandscapeLeft UIInterfaceOrientationLandscapeRight";
				LD_RUNPATH_SEARCH_PATHS = (
					"$(inherited)",
					"@executable_path/Frameworks",
				);
				MARKETING_VERSION = 1.0;
				PRODUCT_BUNDLE_IDENTIFIER = g.exst.aom.j.ReminderWidget;
				PRODUCT_NAME = "$(TARGET_NAME)";
				SWIFT_EMIT_LOC_STRINGS = YES;
				SWIFT_VERSION = 5.0;
				TARGETED_DEVICE_FAMILY = "1,2";
			};
			name = Release;
		};
		BF40F44C2CD7829F00E81000 /* Debug */ = {
			isa = XCBuildConfiguration;
			buildSettings = {
				ALWAYS_SEARCH_USER_PATHS = NO;
				ASSETCATALOG_COMPILER_GENERATE_SWIFT_ASSET_SYMBOL_EXTENSIONS = YES;
				CLANG_ANALYZER_NONNULL = YES;
				CLANG_ANALYZER_NUMBER_OBJECT_CONVERSION = YES_AGGRESSIVE;
				CLANG_CXX_LANGUAGE_STANDARD = "gnu++20";
				CLANG_ENABLE_MODULES = YES;
				CLANG_ENABLE_OBJC_ARC = YES;
				CLANG_ENABLE_OBJC_WEAK = YES;
				CLANG_WARN_BLOCK_CAPTURE_AUTORELEASING = YES;
				CLANG_WARN_BOOL_CONVERSION = YES;
				CLANG_WARN_COMMA = YES;
				CLANG_WARN_CONSTANT_CONVERSION = YES;
				CLANG_WARN_DEPRECATED_OBJC_IMPLEMENTATIONS = YES;
				CLANG_WARN_DIRECT_OBJC_ISA_USAGE = YES_ERROR;
				CLANG_WARN_DOCUMENTATION_COMMENTS = YES;
				CLANG_WARN_EMPTY_BODY = YES;
				CLANG_WARN_ENUM_CONVERSION = YES;
				CLANG_WARN_INFINITE_RECURSION = YES;
				CLANG_WARN_INT_CONVERSION = YES;
				CLANG_WARN_NON_LITERAL_NULL_CONVERSION = YES;
				CLANG_WARN_OBJC_IMPLICIT_RETAIN_SELF = YES;
				CLANG_WARN_OBJC_LITERAL_CONVERSION = YES;
				CLANG_WARN_OBJC_ROOT_CLASS = YES_ERROR;
				CLANG_WARN_QUOTED_INCLUDE_IN_FRAMEWORK_HEADER = YES;
				CLANG_WARN_RANGE_LOOP_ANALYSIS = YES;
				CLANG_WARN_STRICT_PROTOTYPES = YES;
				CLANG_WARN_SUSPICIOUS_MOVE = YES;
				CLANG_WARN_UNGUARDED_AVAILABILITY = YES_AGGRESSIVE;
				CLANG_WARN_UNREACHABLE_CODE = YES;
				CLANG_WARN__DUPLICATE_METHOD_MATCH = YES;
				COPY_PHASE_STRIP = NO;
				DEBUG_INFORMATION_FORMAT = dwarf;
				ENABLE_STRICT_OBJC_MSGSEND = YES;
				ENABLE_TESTABILITY = YES;
				ENABLE_USER_SCRIPT_SANDBOXING = YES;
				GCC_C_LANGUAGE_STANDARD = gnu17;
				GCC_DYNAMIC_NO_PIC = NO;
				GCC_NO_COMMON_BLOCKS = YES;
				GCC_OPTIMIZATION_LEVEL = 0;
				GCC_PREPROCESSOR_DEFINITIONS = (
					"DEBUG=1",
					"$(inherited)",
				);
				GCC_WARN_64_TO_32_BIT_CONVERSION = YES;
				GCC_WARN_ABOUT_RETURN_TYPE = YES_ERROR;
				GCC_WARN_UNDECLARED_SELECTOR = YES;
				GCC_WARN_UNINITIALIZED_AUTOS = YES_AGGRESSIVE;
				GCC_WARN_UNUSED_FUNCTION = YES;
				GCC_WARN_UNUSED_VARIABLE = YES;
				IPHONEOS_DEPLOYMENT_TARGET = 18.0;
				LOCALIZATION_PREFERS_STRING_CATALOGS = YES;
				MTL_ENABLE_DEBUG_INFO = INCLUDE_SOURCE;
				MTL_FAST_MATH = YES;
				ONLY_ACTIVE_ARCH = YES;
				SDKROOT = iphoneos;
				SWIFT_ACTIVE_COMPILATION_CONDITIONS = "DEBUG $(inherited)";
				SWIFT_OPTIMIZATION_LEVEL = "-Onone";
			};
			name = Debug;
		};
		BF40F44D2CD7829F00E81000 /* Release */ = {
			isa = XCBuildConfiguration;
			buildSettings = {
				ALWAYS_SEARCH_USER_PATHS = NO;
				ASSETCATALOG_COMPILER_GENERATE_SWIFT_ASSET_SYMBOL_EXTENSIONS = YES;
				CLANG_ANALYZER_NONNULL = YES;
				CLANG_ANALYZER_NUMBER_OBJECT_CONVERSION = YES_AGGRESSIVE;
				CLANG_CXX_LANGUAGE_STANDARD = "gnu++20";
				CLANG_ENABLE_MODULES = YES;
				CLANG_ENABLE_OBJC_ARC = YES;
				CLANG_ENABLE_OBJC_WEAK = YES;
				CLANG_WARN_BLOCK_CAPTURE_AUTORELEASING = YES;
				CLANG_WARN_BOOL_CONVERSION = YES;
				CLANG_WARN_COMMA = YES;
				CLANG_WARN_CONSTANT_CONVERSION = YES;
				CLANG_WARN_DEPRECATED_OBJC_IMPLEMENTATIONS = YES;
				CLANG_WARN_DIRECT_OBJC_ISA_USAGE = YES_ERROR;
				CLANG_WARN_DOCUMENTATION_COMMENTS = YES;
				CLANG_WARN_EMPTY_BODY = YES;
				CLANG_WARN_ENUM_CONVERSION = YES;
				CLANG_WARN_INFINITE_RECURSION = YES;
				CLANG_WARN_INT_CONVERSION = YES;
				CLANG_WARN_NON_LITERAL_NULL_CONVERSION = YES;
				CLANG_WARN_OBJC_IMPLICIT_RETAIN_SELF = YES;
				CLANG_WARN_OBJC_LITERAL_CONVERSION = YES;
				CLANG_WARN_OBJC_ROOT_CLASS = YES_ERROR;
				CLANG_WARN_QUOTED_INCLUDE_IN_FRAMEWORK_HEADER = YES;
				CLANG_WARN_RANGE_LOOP_ANALYSIS = YES;
				CLANG_WARN_STRICT_PROTOTYPES = YES;
				CLANG_WARN_SUSPICIOUS_MOVE = YES;
				CLANG_WARN_UNGUARDED_AVAILABILITY = YES_AGGRESSIVE;
				CLANG_WARN_UNREACHABLE_CODE = YES;
				CLANG_WARN__DUPLICATE_METHOD_MATCH = YES;
				COPY_PHASE_STRIP = NO;
				DEBUG_INFORMATION_FORMAT = "dwarf-with-dsym";
				ENABLE_NS_ASSERTIONS = NO;
				ENABLE_STRICT_OBJC_MSGSEND = YES;
				ENABLE_USER_SCRIPT_SANDBOXING = YES;
				GCC_C_LANGUAGE_STANDARD = gnu17;
				GCC_NO_COMMON_BLOCKS = YES;
				GCC_WARN_64_TO_32_BIT_CONVERSION = YES;
				GCC_WARN_ABOUT_RETURN_TYPE = YES_ERROR;
				GCC_WARN_UNDECLARED_SELECTOR = YES;
				GCC_WARN_UNINITIALIZED_AUTOS = YES_AGGRESSIVE;
				GCC_WARN_UNUSED_FUNCTION = YES;
				GCC_WARN_UNUSED_VARIABLE = YES;
				IPHONEOS_DEPLOYMENT_TARGET = 18.0;
				LOCALIZATION_PREFERS_STRING_CATALOGS = YES;
				MTL_ENABLE_DEBUG_INFO = NO;
				MTL_FAST_MATH = YES;
				SDKROOT = iphoneos;
				SWIFT_COMPILATION_MODE = wholemodule;
				VALIDATE_PRODUCT = YES;
			};
			name = Release;
		};
		BF40F44F2CD7829F00E81000 /* Debug */ = {
			isa = XCBuildConfiguration;
			buildSettings = {
				BUNDLE_LOADER = "$(TEST_HOST)";
				CODE_SIGN_STYLE = Automatic;
				CURRENT_PROJECT_VERSION = 1;
				DEVELOPMENT_TEAM = 2PJ54JWDJZ;
				GENERATE_INFOPLIST_FILE = YES;
				IPHONEOS_DEPLOYMENT_TARGET = 18.0;
				MARKETING_VERSION = 1.0;
				PRODUCT_BUNDLE_IDENTIFIER = g.exst.aom.j.ReminderWidgetTests;
				PRODUCT_NAME = "$(TARGET_NAME)";
				SWIFT_EMIT_LOC_STRINGS = NO;
				SWIFT_VERSION = 5.0;
				TARGETED_DEVICE_FAMILY = "1,2";
				TEST_HOST = "$(BUILT_PRODUCTS_DIR)/ReminderWidget.app/$(BUNDLE_EXECUTABLE_FOLDER_PATH)/ReminderWidget";
			};
			name = Debug;
		};
		BF40F4502CD7829F00E81000 /* Release */ = {
			isa = XCBuildConfiguration;
			buildSettings = {
				BUNDLE_LOADER = "$(TEST_HOST)";
				CODE_SIGN_STYLE = Automatic;
				CURRENT_PROJECT_VERSION = 1;
				DEVELOPMENT_TEAM = 2PJ54JWDJZ;
				GENERATE_INFOPLIST_FILE = YES;
				IPHONEOS_DEPLOYMENT_TARGET = 18.0;
				MARKETING_VERSION = 1.0;
				PRODUCT_BUNDLE_IDENTIFIER = g.exst.aom.j.ReminderWidgetTests;
				PRODUCT_NAME = "$(TARGET_NAME)";
				SWIFT_EMIT_LOC_STRINGS = NO;
				SWIFT_VERSION = 5.0;
				TARGETED_DEVICE_FAMILY = "1,2";
				TEST_HOST = "$(BUILT_PRODUCTS_DIR)/ReminderWidget.app/$(BUNDLE_EXECUTABLE_FOLDER_PATH)/ReminderWidget";
			};
			name = Release;
		};
		BF40F4522CD7829F00E81000 /* Debug */ = {
			isa = XCBuildConfiguration;
			buildSettings = {
				CODE_SIGN_STYLE = Automatic;
				CURRENT_PROJECT_VERSION = 1;
				DEVELOPMENT_TEAM = 2PJ54JWDJZ;
				GENERATE_INFOPLIST_FILE = YES;
				MARKETING_VERSION = 1.0;
				PRODUCT_BUNDLE_IDENTIFIER = g.exst.aom.j.ReminderWidgetUITests;
				PRODUCT_NAME = "$(TARGET_NAME)";
				SWIFT_EMIT_LOC_STRINGS = NO;
				SWIFT_VERSION = 5.0;
				TARGETED_DEVICE_FAMILY = "1,2";
				TEST_TARGET_NAME = ReminderWidget;
			};
			name = Debug;
		};
		BF40F4532CD7829F00E81000 /* Release */ = {
			isa = XCBuildConfiguration;
			buildSettings = {
				CODE_SIGN_STYLE = Automatic;
				CURRENT_PROJECT_VERSION = 1;
				DEVELOPMENT_TEAM = 2PJ54JWDJZ;
				GENERATE_INFOPLIST_FILE = YES;
				MARKETING_VERSION = 1.0;
				PRODUCT_BUNDLE_IDENTIFIER = g.exst.aom.j.ReminderWidgetUITests;
				PRODUCT_NAME = "$(TARGET_NAME)";
				SWIFT_EMIT_LOC_STRINGS = NO;
				SWIFT_VERSION = 5.0;
				TARGETED_DEVICE_FAMILY = "1,2";
				TEST_TARGET_NAME = ReminderWidget;
			};
			name = Release;
		};
/* End XCBuildConfiguration section */

/* Begin XCConfigurationList section */
		BF40F4182CD7829D00E81000 /* Build configuration list for PBXProject "ReminderWidget" */ = {
			isa = XCConfigurationList;
			buildConfigurations = (
				BF40F44C2CD7829F00E81000 /* Debug */,
				BF40F44D2CD7829F00E81000 /* Release */,
			);
			defaultConfigurationIsVisible = 0;
			defaultConfigurationName = Release;
		};
		BF40F4492CD7829F00E81000 /* Build configuration list for PBXNativeTarget "ReminderWidget" */ = {
			isa = XCConfigurationList;
			buildConfigurations = (
				BF40F44A2CD7829F00E81000 /* Debug */,
				BF40F44B2CD7829F00E81000 /* Release */,
			);
			defaultConfigurationIsVisible = 0;
			defaultConfigurationName = Release;
		};
		BF40F44E2CD7829F00E81000 /* Build configuration list for PBXNativeTarget "ReminderWidgetTests" */ = {
			isa = XCConfigurationList;
			buildConfigurations = (
				BF40F44F2CD7829F00E81000 /* Debug */,
				BF40F4502CD7829F00E81000 /* Release */,
			);
			defaultConfigurationIsVisible = 0;
			defaultConfigurationName = Release;
		};
		BF40F4512CD7829F00E81000 /* Build configuration list for PBXNativeTarget "ReminderWidgetUITests" */ = {
			isa = XCConfigurationList;
			buildConfigurations = (
				BF40F4522CD7829F00E81000 /* Debug */,
				BF40F4532CD7829F00E81000 /* Release */,
			);
			defaultConfigurationIsVisible = 0;
			defaultConfigurationName = Release;
		};
/* End XCConfigurationList section */
	};
	rootObject = BF40F4152CD7829D00E81000 /* Project object */;
}
